// !$*UTF8*$!
{
	archiveVersion = 1;
	classes = {
	};
	objectVersion = 55;
	objects = {

/* Begin PBXBuildFile section */
		2B1E13160A50920AE9CF7B33 /* Pods_Rarticle.framework in Frameworks */ = {isa = PBXBuildFile; fileRef = AC733AF04E176734A0784948 /* Pods_Rarticle.framework */; };
		C62B518628869D7000EC812E /* String+Extensions.swift in Sources */ = {isa = PBXBuildFile; fileRef = C62B518528869D7000EC812E /* String+Extensions.swift */; };
		C62B51882886E62400EC812E /* UITableView+Extensions.swift in Sources */ = {isa = PBXBuildFile; fileRef = C62B51872886E62400EC812E /* UITableView+Extensions.swift */; };
		C62B518D2887EEC100EC812E /* DateFormatterService.swift in Sources */ = {isa = PBXBuildFile; fileRef = C62B518C2887EEC100EC812E /* DateFormatterService.swift */; };
		C62B51912887F2EE00EC812E /* ControllerServices+Injection.swift in Sources */ = {isa = PBXBuildFile; fileRef = C62B51902887F2EE00EC812E /* ControllerServices+Injection.swift */; };
		C62B51932887F69B00EC812E /* URLLinkService.swift in Sources */ = {isa = PBXBuildFile; fileRef = C62B51922887F69B00EC812E /* URLLinkService.swift */; };
		C62B519528887B2400EC812E /* SearchViewController.swift in Sources */ = {isa = PBXBuildFile; fileRef = C62B519428887B2400EC812E /* SearchViewController.swift */; };
		C63148B92872D54700F7B393 /* AppDelegate.swift in Sources */ = {isa = PBXBuildFile; fileRef = C63148B82872D54700F7B393 /* AppDelegate.swift */; };
		C63148BD2872D54700F7B393 /* HomeViewController.swift in Sources */ = {isa = PBXBuildFile; fileRef = C63148BC2872D54700F7B393 /* HomeViewController.swift */; };
		C63148C22872D54900F7B393 /* Assets.xcassets in Resources */ = {isa = PBXBuildFile; fileRef = C63148C12872D54900F7B393 /* Assets.xcassets */; };
		C63148C52872D54900F7B393 /* LaunchScreen.storyboard in Resources */ = {isa = PBXBuildFile; fileRef = C63148C32872D54900F7B393 /* LaunchScreen.storyboard */; };
		C63148D12872D88400F7B393 /* Response.swift in Sources */ = {isa = PBXBuildFile; fileRef = C63148D02872D88400F7B393 /* Response.swift */; };
		C63148D32872D91100F7B393 /* Article.swift in Sources */ = {isa = PBXBuildFile; fileRef = C63148D22872D91100F7B393 /* Article.swift */; };
		C63148FE287455F900F7B393 /* ArticleCell.swift in Sources */ = {isa = PBXBuildFile; fileRef = C63148FD287455F900F7B393 /* ArticleCell.swift */; };
		C64F7745288005450027C058 /* Array+Extensions.swift in Sources */ = {isa = PBXBuildFile; fileRef = C64F7744288005450027C058 /* Array+Extensions.swift */; };
		C64F7747288015C40027C058 /* Colors.swift in Sources */ = {isa = PBXBuildFile; fileRef = C64F7746288015C40027C058 /* Colors.swift */; };
		C65961D128893CB200215A25 /* RButton.swift in Sources */ = {isa = PBXBuildFile; fileRef = C65961D028893CB200215A25 /* RButton.swift */; };
		C65961D328894B6100215A25 /* RAlertDialog.swift in Sources */ = {isa = PBXBuildFile; fileRef = C65961D228894B6100215A25 /* RAlertDialog.swift */; };
		C65961DC288A7A0A00215A25 /* SortingService.swift in Sources */ = {isa = PBXBuildFile; fileRef = C65961DB288A7A0A00215A25 /* SortingService.swift */; };
		C65961E1288B179F00215A25 /* RTableView.swift in Sources */ = {isa = PBXBuildFile; fileRef = C65961E0288B179F00215A25 /* RTableView.swift */; };
		C65B0219287D37830007FB08 /* NewsRepository.swift in Sources */ = {isa = PBXBuildFile; fileRef = C65B0218287D37830007FB08 /* NewsRepository.swift */; };
		C65B021B287D37B20007FB08 /* INewsAPI.swift in Sources */ = {isa = PBXBuildFile; fileRef = C65B021A287D37B20007FB08 /* INewsAPI.swift */; };
		C65B021E287D4C3E0007FB08 /* Localizable.strings in Resources */ = {isa = PBXBuildFile; fileRef = C65B0220287D4C3E0007FB08 /* Localizable.strings */; };
		C65B0222287D4F6E0007FB08 /* LocalizedStrings.swift in Sources */ = {isa = PBXBuildFile; fileRef = C65B0221287D4F6E0007FB08 /* LocalizedStrings.swift */; };
		C686F20E288C5D350070C6C1 /* RDropDown.swift in Sources */ = {isa = PBXBuildFile; fileRef = C686F20D288C5D350070C6C1 /* RDropDown.swift */; };
		C691BC09287C3E5D002FDBA1 /* Constants.swift in Sources */ = {isa = PBXBuildFile; fileRef = C691BC08287C3E5D002FDBA1 /* Constants.swift */; };
		C6CE583228858B8F0098EEBF /* NewsAPI.swift in Sources */ = {isa = PBXBuildFile; fileRef = C6CE583128858B8F0098EEBF /* NewsAPI.swift */; };
		C6F9E743287C5FA3006826CD /* AppDelegate+Injection.swift in Sources */ = {isa = PBXBuildFile; fileRef = C6F9E742287C5FA3006826CD /* AppDelegate+Injection.swift */; };
		C6F9E745287C5FEF006826CD /* APIServices+Injection.swift in Sources */ = {isa = PBXBuildFile; fileRef = C6F9E744287C5FEF006826CD /* APIServices+Injection.swift */; };
		C6F9E747287C702F006826CD /* UIImageView+Extensions.swift in Sources */ = {isa = PBXBuildFile; fileRef = C6F9E746287C702F006826CD /* UIImageView+Extensions.swift */; };
		C6F9E749287C7088006826CD /* UIColor+Extensions.swift in Sources */ = {isa = PBXBuildFile; fileRef = C6F9E748287C7088006826CD /* UIColor+Extensions.swift */; };
		C6F9E74B287C70B2006826CD /* CGColor+Extensions.swift in Sources */ = {isa = PBXBuildFile; fileRef = C6F9E74A287C70B2006826CD /* CGColor+Extensions.swift */; };
		C6F9E74E287CA5EC006826CD /* DetailsViewController.swift in Sources */ = {isa = PBXBuildFile; fileRef = C6F9E74D287CA5EC006826CD /* DetailsViewController.swift */; };
/* End PBXBuildFile section */

/* Begin PBXFileReference section */
		350362E005C974DC9CD0D987 /* Pods-Rarticle.release.xcconfig */ = {isa = PBXFileReference; includeInIndex = 1; lastKnownFileType = text.xcconfig; name = "Pods-Rarticle.release.xcconfig"; path = "Target Support Files/Pods-Rarticle/Pods-Rarticle.release.xcconfig"; sourceTree = "<group>"; };
		AC733AF04E176734A0784948 /* Pods_Rarticle.framework */ = {isa = PBXFileReference; explicitFileType = wrapper.framework; includeInIndex = 0; path = Pods_Rarticle.framework; sourceTree = BUILT_PRODUCTS_DIR; };
		C62B518528869D7000EC812E /* String+Extensions.swift */ = {isa = PBXFileReference; lastKnownFileType = sourcecode.swift; path = "String+Extensions.swift"; sourceTree = "<group>"; };
		C62B51872886E62400EC812E /* UITableView+Extensions.swift */ = {isa = PBXFileReference; lastKnownFileType = sourcecode.swift; path = "UITableView+Extensions.swift"; sourceTree = "<group>"; };
		C62B518C2887EEC100EC812E /* DateFormatterService.swift */ = {isa = PBXFileReference; lastKnownFileType = sourcecode.swift; path = DateFormatterService.swift; sourceTree = "<group>"; };
		C62B51902887F2EE00EC812E /* ControllerServices+Injection.swift */ = {isa = PBXFileReference; lastKnownFileType = sourcecode.swift; path = "ControllerServices+Injection.swift"; sourceTree = "<group>"; };
		C62B51922887F69B00EC812E /* URLLinkService.swift */ = {isa = PBXFileReference; lastKnownFileType = sourcecode.swift; path = URLLinkService.swift; sourceTree = "<group>"; };
		C62B519428887B2400EC812E /* SearchViewController.swift */ = {isa = PBXFileReference; lastKnownFileType = sourcecode.swift; path = SearchViewController.swift; sourceTree = "<group>"; };
		C63148B52872D54700F7B393 /* Rarticle.app */ = {isa = PBXFileReference; explicitFileType = wrapper.application; includeInIndex = 0; path = Rarticle.app; sourceTree = BUILT_PRODUCTS_DIR; };
		C63148B82872D54700F7B393 /* AppDelegate.swift */ = {isa = PBXFileReference; lastKnownFileType = sourcecode.swift; path = AppDelegate.swift; sourceTree = "<group>"; };
		C63148BC2872D54700F7B393 /* HomeViewController.swift */ = {isa = PBXFileReference; lastKnownFileType = sourcecode.swift; path = HomeViewController.swift; sourceTree = "<group>"; };
		C63148C12872D54900F7B393 /* Assets.xcassets */ = {isa = PBXFileReference; lastKnownFileType = folder.assetcatalog; path = Assets.xcassets; sourceTree = "<group>"; };
		C63148C42872D54900F7B393 /* Base */ = {isa = PBXFileReference; lastKnownFileType = file.storyboard; name = Base; path = Base.lproj/LaunchScreen.storyboard; sourceTree = "<group>"; };
		C63148C62872D54900F7B393 /* Info.plist */ = {isa = PBXFileReference; lastKnownFileType = text.plist.xml; path = Info.plist; sourceTree = "<group>"; };
		C63148D02872D88400F7B393 /* Response.swift */ = {isa = PBXFileReference; lastKnownFileType = sourcecode.swift; path = Response.swift; sourceTree = "<group>"; };
		C63148D22872D91100F7B393 /* Article.swift */ = {isa = PBXFileReference; lastKnownFileType = sourcecode.swift; path = Article.swift; sourceTree = "<group>"; };
		C63148FD287455F900F7B393 /* ArticleCell.swift */ = {isa = PBXFileReference; lastKnownFileType = sourcecode.swift; path = ArticleCell.swift; sourceTree = "<group>"; };
		C64F7744288005450027C058 /* Array+Extensions.swift */ = {isa = PBXFileReference; lastKnownFileType = sourcecode.swift; path = "Array+Extensions.swift"; sourceTree = "<group>"; };
		C64F7746288015C40027C058 /* Colors.swift */ = {isa = PBXFileReference; lastKnownFileType = sourcecode.swift; path = Colors.swift; sourceTree = "<group>"; };
		C65961D028893CB200215A25 /* RButton.swift */ = {isa = PBXFileReference; lastKnownFileType = sourcecode.swift; path = RButton.swift; sourceTree = "<group>"; };
		C65961D228894B6100215A25 /* RAlertDialog.swift */ = {isa = PBXFileReference; lastKnownFileType = sourcecode.swift; path = RAlertDialog.swift; sourceTree = "<group>"; };
		C65961DB288A7A0A00215A25 /* SortingService.swift */ = {isa = PBXFileReference; lastKnownFileType = sourcecode.swift; path = SortingService.swift; sourceTree = "<group>"; };
		C65961E0288B179F00215A25 /* RTableView.swift */ = {isa = PBXFileReference; lastKnownFileType = sourcecode.swift; path = RTableView.swift; sourceTree = "<group>"; };
		C65B0218287D37830007FB08 /* NewsRepository.swift */ = {isa = PBXFileReference; lastKnownFileType = sourcecode.swift; path = NewsRepository.swift; sourceTree = "<group>"; };
		C65B021A287D37B20007FB08 /* INewsAPI.swift */ = {isa = PBXFileReference; lastKnownFileType = sourcecode.swift; path = INewsAPI.swift; sourceTree = "<group>"; };
		C65B021F287D4C3E0007FB08 /* en */ = {isa = PBXFileReference; lastKnownFileType = text.plist.strings; name = en; path = en.lproj/Localizable.strings; sourceTree = "<group>"; };
		C65B0221287D4F6E0007FB08 /* LocalizedStrings.swift */ = {isa = PBXFileReference; lastKnownFileType = sourcecode.swift; path = LocalizedStrings.swift; sourceTree = "<group>"; };
		C686F20D288C5D350070C6C1 /* RDropDown.swift */ = {isa = PBXFileReference; lastKnownFileType = sourcecode.swift; path = RDropDown.swift; sourceTree = "<group>"; };
		C691BC08287C3E5D002FDBA1 /* Constants.swift */ = {isa = PBXFileReference; lastKnownFileType = sourcecode.swift; name = Constants.swift; path = /Users/jamalaartsen/Desktop/IOSApplications/Rarticle/Rarticle/Constants.swift; sourceTree = "<absolute>"; };
		C6CE583128858B8F0098EEBF /* NewsAPI.swift */ = {isa = PBXFileReference; lastKnownFileType = sourcecode.swift; path = NewsAPI.swift; sourceTree = "<group>"; };
		C6F9E742287C5FA3006826CD /* AppDelegate+Injection.swift */ = {isa = PBXFileReference; lastKnownFileType = sourcecode.swift; path = "AppDelegate+Injection.swift"; sourceTree = "<group>"; };
		C6F9E744287C5FEF006826CD /* APIServices+Injection.swift */ = {isa = PBXFileReference; lastKnownFileType = sourcecode.swift; path = "APIServices+Injection.swift"; sourceTree = "<group>"; };
		C6F9E746287C702F006826CD /* UIImageView+Extensions.swift */ = {isa = PBXFileReference; lastKnownFileType = sourcecode.swift; path = "UIImageView+Extensions.swift"; sourceTree = "<group>"; };
		C6F9E748287C7088006826CD /* UIColor+Extensions.swift */ = {isa = PBXFileReference; lastKnownFileType = sourcecode.swift; path = "UIColor+Extensions.swift"; sourceTree = "<group>"; };
		C6F9E74A287C70B2006826CD /* CGColor+Extensions.swift */ = {isa = PBXFileReference; lastKnownFileType = sourcecode.swift; path = "CGColor+Extensions.swift"; sourceTree = "<group>"; };
		C6F9E74D287CA5EC006826CD /* DetailsViewController.swift */ = {isa = PBXFileReference; lastKnownFileType = sourcecode.swift; path = DetailsViewController.swift; sourceTree = "<group>"; };
		D8B0FF811D3FD8075B436BE9 /* Pods-Rarticle.debug.xcconfig */ = {isa = PBXFileReference; includeInIndex = 1; lastKnownFileType = text.xcconfig; name = "Pods-Rarticle.debug.xcconfig"; path = "Target Support Files/Pods-Rarticle/Pods-Rarticle.debug.xcconfig"; sourceTree = "<group>"; };
/* End PBXFileReference section */

/* Begin PBXFrameworksBuildPhase section */
		C63148B22872D54700F7B393 /* Frameworks */ = {
			isa = PBXFrameworksBuildPhase;
			buildActionMask = 2147483647;
			files = (
				2B1E13160A50920AE9CF7B33 /* Pods_Rarticle.framework in Frameworks */,
			);
			runOnlyForDeploymentPostprocessing = 0;
		};
/* End PBXFrameworksBuildPhase section */

/* Begin PBXGroup section */
		33207E65418D16604A760FAF /* Pods */ = {
			isa = PBXGroup;
			children = (
				D8B0FF811D3FD8075B436BE9 /* Pods-Rarticle.debug.xcconfig */,
				350362E005C974DC9CD0D987 /* Pods-Rarticle.release.xcconfig */,
			);
			path = Pods;
			sourceTree = "<group>";
		};
		3AE72234D7D2C0278978BA89 /* Frameworks */ = {
			isa = PBXGroup;
			children = (
				AC733AF04E176734A0784948 /* Pods_Rarticle.framework */,
			);
			name = Frameworks;
			sourceTree = "<group>";
		};
		C62B518B2887EEA900EC812E /* Details */ = {
			isa = PBXGroup;
			children = (
				C6F9E74D287CA5EC006826CD /* DetailsViewController.swift */,
			);
			path = Details;
			sourceTree = "<group>";
		};
		C63148AC2872D54700F7B393 = {
			isa = PBXGroup;
			children = (
				C63148B72872D54700F7B393 /* Rarticle */,
				C63148B62872D54700F7B393 /* Products */,
				33207E65418D16604A760FAF /* Pods */,
				3AE72234D7D2C0278978BA89 /* Frameworks */,
			);
			sourceTree = "<group>";
		};
		C63148B62872D54700F7B393 /* Products */ = {
			isa = PBXGroup;
			children = (
				C63148B52872D54700F7B393 /* Rarticle.app */,
			);
			name = Products;
			sourceTree = "<group>";
		};
		C63148B72872D54700F7B393 /* Rarticle */ = {
			isa = PBXGroup;
			children = (
				C65961DF288ACF4A00215A25 /* Localization */,
				C65961DE288ACE6700215A25 /* General */,
				C65961DD288ACE3500215A25 /* Resources */,
				C63148CF2872D86B00F7B393 /* DataModels */,
				C6F9E74C287C70C6006826CD /* Extensions */,
				C691BBE52875C357002FDBA1 /* View */,
				C691BBE42875C347002FDBA1 /* Controller */,
				C63148CC2872D5EE00F7B393 /* Model */,
				C63148B82872D54700F7B393 /* AppDelegate.swift */,
				C6F9E742287C5FA3006826CD /* AppDelegate+Injection.swift */,
			);
			path = Rarticle;
			sourceTree = "<group>";
		};
		C63148CC2872D5EE00F7B393 /* Model */ = {
			isa = PBXGroup;
			children = (
				C65961DA2889B7CB00215A25 /* Protocols */,
				C65961D82889B7B400215A25 /* NewsApi */,
				C65961D72889B7A700215A25 /* Repositories */,
				C6F9E744287C5FEF006826CD /* APIServices+Injection.swift */,
			);
			path = Model;
			sourceTree = "<group>";
		};
		C63148CF2872D86B00F7B393 /* DataModels */ = {
			isa = PBXGroup;
			children = (
				C63148D02872D88400F7B393 /* Response.swift */,
				C63148D22872D91100F7B393 /* Article.swift */,
			);
			path = DataModels;
			sourceTree = "<group>";
		};
		C65961D42889503400215A25 /* Services */ = {
			isa = PBXGroup;
			children = (
				C62B518C2887EEC100EC812E /* DateFormatterService.swift */,
				C62B51922887F69B00EC812E /* URLLinkService.swift */,
				C65961DB288A7A0A00215A25 /* SortingService.swift */,
			);
			path = Services;
			sourceTree = "<group>";
		};
		C65961D52889504600215A25 /* Home */ = {
			isa = PBXGroup;
			children = (
				C63148BC2872D54700F7B393 /* HomeViewController.swift */,
			);
			path = Home;
			sourceTree = "<group>";
		};
		C65961D62889505300215A25 /* Search */ = {
			isa = PBXGroup;
			children = (
				C62B519428887B2400EC812E /* SearchViewController.swift */,
			);
			path = Search;
			sourceTree = "<group>";
		};
		C65961D72889B7A700215A25 /* Repositories */ = {
			isa = PBXGroup;
			children = (
				C65B0218287D37830007FB08 /* NewsRepository.swift */,
			);
			path = Repositories;
			sourceTree = "<group>";
		};
		C65961D82889B7B400215A25 /* NewsApi */ = {
			isa = PBXGroup;
			children = (
				C6CE583128858B8F0098EEBF /* NewsAPI.swift */,
			);
			path = NewsApi;
			sourceTree = "<group>";
		};
		C65961DA2889B7CB00215A25 /* Protocols */ = {
			isa = PBXGroup;
			children = (
				C65B021A287D37B20007FB08 /* INewsAPI.swift */,
			);
			path = Protocols;
			sourceTree = "<group>";
		};
		C65961DD288ACE3500215A25 /* Resources */ = {
			isa = PBXGroup;
			children = (
				C63148C32872D54900F7B393 /* LaunchScreen.storyboard */,
				C63148C62872D54900F7B393 /* Info.plist */,
			);
			path = Resources;
			sourceTree = "<group>";
		};
		C65961DE288ACE6700215A25 /* General */ = {
			isa = PBXGroup;
			children = (
				C65B0221287D4F6E0007FB08 /* LocalizedStrings.swift */,
				C691BC08287C3E5D002FDBA1 /* Constants.swift */,
				C64F7746288015C40027C058 /* Colors.swift */,
				C63148C12872D54900F7B393 /* Assets.xcassets */,
			);
			path = General;
			sourceTree = "<group>";
		};
		C65961DF288ACF4A00215A25 /* Localization */ = {
			isa = PBXGroup;
			children = (
				C65B0220287D4C3E0007FB08 /* Localizable.strings */,
			);
			path = Localization;
			sourceTree = "<group>";
		};
		C691BBE42875C347002FDBA1 /* Controller */ = {
			isa = PBXGroup;
			children = (
				C65961D62889505300215A25 /* Search */,
				C65961D52889504600215A25 /* Home */,
				C65961D42889503400215A25 /* Services */,
				C62B518B2887EEA900EC812E /* Details */,
				C62B51902887F2EE00EC812E /* ControllerServices+Injection.swift */,
			);
			path = Controller;
			sourceTree = "<group>";
		};
		C691BBE52875C357002FDBA1 /* View */ = {
			isa = PBXGroup;
			children = (
				C63148FD287455F900F7B393 /* ArticleCell.swift */,
				C65961D028893CB200215A25 /* RButton.swift */,
				C65961D228894B6100215A25 /* RAlertDialog.swift */,
				C65961E0288B179F00215A25 /* RTableView.swift */,
				C686F20D288C5D350070C6C1 /* RDropDown.swift */,
			);
			path = View;
			sourceTree = "<group>";
		};
		C6F9E74C287C70C6006826CD /* Extensions */ = {
			isa = PBXGroup;
			children = (
				C6F9E746287C702F006826CD /* UIImageView+Extensions.swift */,
				C6F9E748287C7088006826CD /* UIColor+Extensions.swift */,
				C6F9E74A287C70B2006826CD /* CGColor+Extensions.swift */,
				C64F7744288005450027C058 /* Array+Extensions.swift */,
				C62B518528869D7000EC812E /* String+Extensions.swift */,
				C62B51872886E62400EC812E /* UITableView+Extensions.swift */,
			);
			path = Extensions;
			sourceTree = "<group>";
		};
/* End PBXGroup section */

/* Begin PBXNativeTarget section */
		C63148B42872D54700F7B393 /* Rarticle */ = {
			isa = PBXNativeTarget;
			buildConfigurationList = C63148C92872D54900F7B393 /* Build configuration list for PBXNativeTarget "Rarticle" */;
			buildPhases = (
				211B006153AD4E2BB12F7B1D /* [CP] Check Pods Manifest.lock */,
				C63148B12872D54700F7B393 /* Sources */,
				C63148B22872D54700F7B393 /* Frameworks */,
				C63148B32872D54700F7B393 /* Resources */,
				469903384DFE116AEAA324A7 /* [CP] Embed Pods Frameworks */,
			);
			buildRules = (
			);
			dependencies = (
			);
			name = Rarticle;
			productName = Rarticle;
			productReference = C63148B52872D54700F7B393 /* Rarticle.app */;
			productType = "com.apple.product-type.application";
		};
/* End PBXNativeTarget section */

/* Begin PBXProject section */
		C63148AD2872D54700F7B393 /* Project object */ = {
			isa = PBXProject;
			attributes = {
				BuildIndependentTargetsInParallel = 1;
				LastSwiftUpdateCheck = 1340;
				LastUpgradeCheck = 1340;
				TargetAttributes = {
					C63148B42872D54700F7B393 = {
						CreatedOnToolsVersion = 13.4.1;
					};
				};
			};
			buildConfigurationList = C63148B02872D54700F7B393 /* Build configuration list for PBXProject "Rarticle" */;
			compatibilityVersion = "Xcode 13.0";
			developmentRegion = en;
			hasScannedForEncodings = 0;
			knownRegions = (
				en,
				Base,
			);
			mainGroup = C63148AC2872D54700F7B393;
			productRefGroup = C63148B62872D54700F7B393 /* Products */;
			projectDirPath = "";
			projectRoot = "";
			targets = (
				C63148B42872D54700F7B393 /* Rarticle */,
			);
		};
/* End PBXProject section */

/* Begin PBXResourcesBuildPhase section */
		C63148B32872D54700F7B393 /* Resources */ = {
			isa = PBXResourcesBuildPhase;
			buildActionMask = 2147483647;
			files = (
				C63148C52872D54900F7B393 /* LaunchScreen.storyboard in Resources */,
				C65B021E287D4C3E0007FB08 /* Localizable.strings in Resources */,
				C63148C22872D54900F7B393 /* Assets.xcassets in Resources */,
			);
			runOnlyForDeploymentPostprocessing = 0;
		};
/* End PBXResourcesBuildPhase section */

/* Begin PBXShellScriptBuildPhase section */
		211B006153AD4E2BB12F7B1D /* [CP] Check Pods Manifest.lock */ = {
			isa = PBXShellScriptBuildPhase;
			buildActionMask = 2147483647;
			files = (
			);
			inputFileListPaths = (
			);
			inputPaths = (
				"${PODS_PODFILE_DIR_PATH}/Podfile.lock",
				"${PODS_ROOT}/Manifest.lock",
			);
			name = "[CP] Check Pods Manifest.lock";
			outputFileListPaths = (
			);
			outputPaths = (
				"$(DERIVED_FILE_DIR)/Pods-Rarticle-checkManifestLockResult.txt",
			);
			runOnlyForDeploymentPostprocessing = 0;
			shellPath = /bin/sh;
			shellScript = "diff \"${PODS_PODFILE_DIR_PATH}/Podfile.lock\" \"${PODS_ROOT}/Manifest.lock\" > /dev/null\nif [ $? != 0 ] ; then\n    # print error to STDERR\n    echo \"error: The sandbox is not in sync with the Podfile.lock. Run 'pod install' or update your CocoaPods installation.\" >&2\n    exit 1\nfi\n# This output is used by Xcode 'outputs' to avoid re-running this script phase.\necho \"SUCCESS\" > \"${SCRIPT_OUTPUT_FILE_0}\"\n";
			showEnvVarsInLog = 0;
		};
		469903384DFE116AEAA324A7 /* [CP] Embed Pods Frameworks */ = {
			isa = PBXShellScriptBuildPhase;
			buildActionMask = 2147483647;
			files = (
			);
			inputFileListPaths = (
				"${PODS_ROOT}/Target Support Files/Pods-Rarticle/Pods-Rarticle-frameworks-${CONFIGURATION}-input-files.xcfilelist",
			);
			name = "[CP] Embed Pods Frameworks";
			outputFileListPaths = (
				"${PODS_ROOT}/Target Support Files/Pods-Rarticle/Pods-Rarticle-frameworks-${CONFIGURATION}-output-files.xcfilelist",
			);
			runOnlyForDeploymentPostprocessing = 0;
			shellPath = /bin/sh;
			shellScript = "\"${PODS_ROOT}/Target Support Files/Pods-Rarticle/Pods-Rarticle-frameworks.sh\"\n";
			showEnvVarsInLog = 0;
		};
/* End PBXShellScriptBuildPhase section */

/* Begin PBXSourcesBuildPhase section */
		C63148B12872D54700F7B393 /* Sources */ = {
			isa = PBXSourcesBuildPhase;
			buildActionMask = 2147483647;
			files = (
				C65961D128893CB200215A25 /* RButton.swift in Sources */,
				C6F9E743287C5FA3006826CD /* AppDelegate+Injection.swift in Sources */,
				C62B518628869D7000EC812E /* String+Extensions.swift in Sources */,
				C64F7745288005450027C058 /* Array+Extensions.swift in Sources */,
				C6F9E747287C702F006826CD /* UIImageView+Extensions.swift in Sources */,
				C6F9E745287C5FEF006826CD /* APIServices+Injection.swift in Sources */,
				C62B51932887F69B00EC812E /* URLLinkService.swift in Sources */,
				C63148BD2872D54700F7B393 /* HomeViewController.swift in Sources */,
				C62B519528887B2400EC812E /* SearchViewController.swift in Sources */,
				C62B51882886E62400EC812E /* UITableView+Extensions.swift in Sources */,
				C65961D328894B6100215A25 /* RAlertDialog.swift in Sources */,
				C65961E1288B179F00215A25 /* RTableView.swift in Sources */,
				C63148D32872D91100F7B393 /* Article.swift in Sources */,
				C6CE583228858B8F0098EEBF /* NewsAPI.swift in Sources */,
				C62B518D2887EEC100EC812E /* DateFormatterService.swift in Sources */,
				C63148B92872D54700F7B393 /* AppDelegate.swift in Sources */,
				C6F9E749287C7088006826CD /* UIColor+Extensions.swift in Sources */,
				C63148FE287455F900F7B393 /* ArticleCell.swift in Sources */,
				C65B021B287D37B20007FB08 /* INewsAPI.swift in Sources */,
				C65B0222287D4F6E0007FB08 /* LocalizedStrings.swift in Sources */,
				C64F7747288015C40027C058 /* Colors.swift in Sources */,
				C65961DC288A7A0A00215A25 /* SortingService.swift in Sources */,
				C63148D12872D88400F7B393 /* Response.swift in Sources */,
				C6F9E74E287CA5EC006826CD /* DetailsViewController.swift in Sources */,
				C6F9E74B287C70B2006826CD /* CGColor+Extensions.swift in Sources */,
				C691BC09287C3E5D002FDBA1 /* Constants.swift in Sources */,
				C65B0219287D37830007FB08 /* NewsRepository.swift in Sources */,
				C686F20E288C5D350070C6C1 /* RDropDown.swift in Sources */,
				C62B51912887F2EE00EC812E /* ControllerServices+Injection.swift in Sources */,
			);
			runOnlyForDeploymentPostprocessing = 0;
		};
/* End PBXSourcesBuildPhase section */

/* Begin PBXVariantGroup section */
		C63148C32872D54900F7B393 /* LaunchScreen.storyboard */ = {
			isa = PBXVariantGroup;
			children = (
				C63148C42872D54900F7B393 /* Base */,
			);
			name = LaunchScreen.storyboard;
			sourceTree = "<group>";
		};
		C65B0220287D4C3E0007FB08 /* Localizable.strings */ = {
			isa = PBXVariantGroup;
			children = (
				C65B021F287D4C3E0007FB08 /* en */,
			);
			name = Localizable.strings;
			sourceTree = "<group>";
		};
/* End PBXVariantGroup section */

/* Begin XCBuildConfiguration section */
		C63148C72872D54900F7B393 /* Debug */ = {
			isa = XCBuildConfiguration;
			buildSettings = {
				ALWAYS_SEARCH_USER_PATHS = NO;
				CLANG_ANALYZER_NONNULL = YES;
				CLANG_ANALYZER_NUMBER_OBJECT_CONVERSION = YES_AGGRESSIVE;
				CLANG_CXX_LANGUAGE_STANDARD = "gnu++17";
				CLANG_ENABLE_MODULES = YES;
				CLANG_ENABLE_OBJC_ARC = YES;
				CLANG_ENABLE_OBJC_WEAK = YES;
				CLANG_WARN_BLOCK_CAPTURE_AUTORELEASING = YES;
				CLANG_WARN_BOOL_CONVERSION = YES;
				CLANG_WARN_COMMA = YES;
				CLANG_WARN_CONSTANT_CONVERSION = YES;
				CLANG_WARN_DEPRECATED_OBJC_IMPLEMENTATIONS = YES;
				CLANG_WARN_DIRECT_OBJC_ISA_USAGE = YES_ERROR;
				CLANG_WARN_DOCUMENTATION_COMMENTS = YES;
				CLANG_WARN_EMPTY_BODY = YES;
				CLANG_WARN_ENUM_CONVERSION = YES;
				CLANG_WARN_INFINITE_RECURSION = YES;
				CLANG_WARN_INT_CONVERSION = YES;
				CLANG_WARN_NON_LITERAL_NULL_CONVERSION = YES;
				CLANG_WARN_OBJC_IMPLICIT_RETAIN_SELF = YES;
				CLANG_WARN_OBJC_LITERAL_CONVERSION = YES;
				CLANG_WARN_OBJC_ROOT_CLASS = YES_ERROR;
				CLANG_WARN_QUOTED_INCLUDE_IN_FRAMEWORK_HEADER = YES;
				CLANG_WARN_RANGE_LOOP_ANALYSIS = YES;
				CLANG_WARN_STRICT_PROTOTYPES = YES;
				CLANG_WARN_SUSPICIOUS_MOVE = YES;
				CLANG_WARN_UNGUARDED_AVAILABILITY = YES_AGGRESSIVE;
				CLANG_WARN_UNREACHABLE_CODE = YES;
				CLANG_WARN__DUPLICATE_METHOD_MATCH = YES;
				COPY_PHASE_STRIP = NO;
				DEBUG_INFORMATION_FORMAT = dwarf;
				ENABLE_STRICT_OBJC_MSGSEND = YES;
				ENABLE_TESTABILITY = YES;
				GCC_C_LANGUAGE_STANDARD = gnu11;
				GCC_DYNAMIC_NO_PIC = NO;
				GCC_NO_COMMON_BLOCKS = YES;
				GCC_OPTIMIZATION_LEVEL = 0;
				GCC_PREPROCESSOR_DEFINITIONS = (
					"DEBUG=1",
					"$(inherited)",
				);
				GCC_WARN_64_TO_32_BIT_CONVERSION = YES;
				GCC_WARN_ABOUT_RETURN_TYPE = YES_ERROR;
				GCC_WARN_UNDECLARED_SELECTOR = YES;
				GCC_WARN_UNINITIALIZED_AUTOS = YES_AGGRESSIVE;
				GCC_WARN_UNUSED_FUNCTION = YES;
				GCC_WARN_UNUSED_VARIABLE = YES;
				IPHONEOS_DEPLOYMENT_TARGET = 15.5;
				MTL_ENABLE_DEBUG_INFO = INCLUDE_SOURCE;
				MTL_FAST_MATH = YES;
				ONLY_ACTIVE_ARCH = YES;
				SDKROOT = iphoneos;
				SWIFT_ACTIVE_COMPILATION_CONDITIONS = DEBUG;
				SWIFT_OPTIMIZATION_LEVEL = "-Onone";
			};
			name = Debug;
		};
		C63148C82872D54900F7B393 /* Release */ = {
			isa = XCBuildConfiguration;
			buildSettings = {
				ALWAYS_SEARCH_USER_PATHS = NO;
				CLANG_ANALYZER_NONNULL = YES;
				CLANG_ANALYZER_NUMBER_OBJECT_CONVERSION = YES_AGGRESSIVE;
				CLANG_CXX_LANGUAGE_STANDARD = "gnu++17";
				CLANG_ENABLE_MODULES = YES;
				CLANG_ENABLE_OBJC_ARC = YES;
				CLANG_ENABLE_OBJC_WEAK = YES;
				CLANG_WARN_BLOCK_CAPTURE_AUTORELEASING = YES;
				CLANG_WARN_BOOL_CONVERSION = YES;
				CLANG_WARN_COMMA = YES;
				CLANG_WARN_CONSTANT_CONVERSION = YES;
				CLANG_WARN_DEPRECATED_OBJC_IMPLEMENTATIONS = YES;
				CLANG_WARN_DIRECT_OBJC_ISA_USAGE = YES_ERROR;
				CLANG_WARN_DOCUMENTATION_COMMENTS = YES;
				CLANG_WARN_EMPTY_BODY = YES;
				CLANG_WARN_ENUM_CONVERSION = YES;
				CLANG_WARN_INFINITE_RECURSION = YES;
				CLANG_WARN_INT_CONVERSION = YES;
				CLANG_WARN_NON_LITERAL_NULL_CONVERSION = YES;
				CLANG_WARN_OBJC_IMPLICIT_RETAIN_SELF = YES;
				CLANG_WARN_OBJC_LITERAL_CONVERSION = YES;
				CLANG_WARN_OBJC_ROOT_CLASS = YES_ERROR;
				CLANG_WARN_QUOTED_INCLUDE_IN_FRAMEWORK_HEADER = YES;
				CLANG_WARN_RANGE_LOOP_ANALYSIS = YES;
				CLANG_WARN_STRICT_PROTOTYPES = YES;
				CLANG_WARN_SUSPICIOUS_MOVE = YES;
				CLANG_WARN_UNGUARDED_AVAILABILITY = YES_AGGRESSIVE;
				CLANG_WARN_UNREACHABLE_CODE = YES;
				CLANG_WARN__DUPLICATE_METHOD_MATCH = YES;
				COPY_PHASE_STRIP = NO;
				DEBUG_INFORMATION_FORMAT = "dwarf-with-dsym";
				ENABLE_NS_ASSERTIONS = NO;
				ENABLE_STRICT_OBJC_MSGSEND = YES;
				GCC_C_LANGUAGE_STANDARD = gnu11;
				GCC_NO_COMMON_BLOCKS = YES;
				GCC_WARN_64_TO_32_BIT_CONVERSION = YES;
				GCC_WARN_ABOUT_RETURN_TYPE = YES_ERROR;
				GCC_WARN_UNDECLARED_SELECTOR = YES;
				GCC_WARN_UNINITIALIZED_AUTOS = YES_AGGRESSIVE;
				GCC_WARN_UNUSED_FUNCTION = YES;
				GCC_WARN_UNUSED_VARIABLE = YES;
				IPHONEOS_DEPLOYMENT_TARGET = 15.5;
				MTL_ENABLE_DEBUG_INFO = NO;
				MTL_FAST_MATH = YES;
				SDKROOT = iphoneos;
				SWIFT_COMPILATION_MODE = wholemodule;
				SWIFT_OPTIMIZATION_LEVEL = "-O";
				VALIDATE_PRODUCT = YES;
			};
			name = Release;
		};
		C63148CA2872D54900F7B393 /* Debug */ = {
			isa = XCBuildConfiguration;
			baseConfigurationReference = D8B0FF811D3FD8075B436BE9 /* Pods-Rarticle.debug.xcconfig */;
			buildSettings = {
				ASSETCATALOG_COMPILER_APPICON_NAME = AppIcon;
				ASSETCATALOG_COMPILER_GLOBAL_ACCENT_COLOR_NAME = AccentColor;
				CODE_SIGN_STYLE = Automatic;
				CURRENT_PROJECT_VERSION = 1;
				DEVELOPMENT_TEAM = PB44JK4952;
				GENERATE_INFOPLIST_FILE = YES;
				INFOPLIST_FILE = Rarticle/Resources/Info.plist;
				INFOPLIST_KEY_CFBundleDisplayName = Rarticle;
				INFOPLIST_KEY_UIApplicationSupportsIndirectInputEvents = YES;
				INFOPLIST_KEY_UILaunchStoryboardName = LaunchScreen;
				INFOPLIST_KEY_UISupportedInterfaceOrientations_iPad = "UIInterfaceOrientationPortrait UIInterfaceOrientationPortraitUpsideDown UIInterfaceOrientationLandscapeLeft UIInterfaceOrientationLandscapeRight";
				INFOPLIST_KEY_UISupportedInterfaceOrientations_iPhone = "UIInterfaceOrientationPortrait UIInterfaceOrientationLandscapeLeft UIInterfaceOrientationLandscapeRight";
				LD_RUNPATH_SEARCH_PATHS = (
					"$(inherited)",
					"@executable_path/Frameworks",
				);
				MARKETING_VERSION = 1.0;
				PRODUCT_BUNDLE_IDENTIFIER = nl.aartsen.jamal.Rarticle;
				PRODUCT_NAME = "$(TARGET_NAME)";
				SWIFT_EMIT_LOC_STRINGS = YES;
				SWIFT_VERSION = 5.0;
				TARGETED_DEVICE_FAMILY = "1,2";
			};
			name = Debug;
		};
		C63148CB2872D54900F7B393 /* Release */ = {
			isa = XCBuildConfiguration;
			baseConfigurationReference = 350362E005C974DC9CD0D987 /* Pods-Rarticle.release.xcconfig */;
			buildSettings = {
				ASSETCATALOG_COMPILER_APPICON_NAME = AppIcon;
				ASSETCATALOG_COMPILER_GLOBAL_ACCENT_COLOR_NAME = AccentColor;
				CODE_SIGN_STYLE = Automatic;
				CURRENT_PROJECT_VERSION = 1;
				DEVELOPMENT_TEAM = PB44JK4952;
				GENERATE_INFOPLIST_FILE = YES;
				INFOPLIST_FILE = Rarticle/Resources/Info.plist;
				INFOPLIST_KEY_CFBundleDisplayName = Rarticle;
				INFOPLIST_KEY_UIApplicationSupportsIndirectInputEvents = YES;
				INFOPLIST_KEY_UILaunchStoryboardName = LaunchScreen;
				INFOPLIST_KEY_UISupportedInterfaceOrientations_iPad = "UIInterfaceOrientationPortrait UIInterfaceOrientationPortraitUpsideDown UIInterfaceOrientationLandscapeLeft UIInterfaceOrientationLandscapeRight";
				INFOPLIST_KEY_UISupportedInterfaceOrientations_iPhone = "UIInterfaceOrientationPortrait UIInterfaceOrientationLandscapeLeft UIInterfaceOrientationLandscapeRight";
				LD_RUNPATH_SEARCH_PATHS = (
					"$(inherited)",
					"@executable_path/Frameworks",
				);
				MARKETING_VERSION = 1.0;
				PRODUCT_BUNDLE_IDENTIFIER = nl.aartsen.jamal.Rarticle;
				PRODUCT_NAME = "$(TARGET_NAME)";
				SWIFT_EMIT_LOC_STRINGS = YES;
				SWIFT_VERSION = 5.0;
				TARGETED_DEVICE_FAMILY = "1,2";
			};
			name = Release;
		};
/* End XCBuildConfiguration section */

/* Begin XCConfigurationList section */
		C63148B02872D54700F7B393 /* Build configuration list for PBXProject "Rarticle" */ = {
			isa = XCConfigurationList;
			buildConfigurations = (
				C63148C72872D54900F7B393 /* Debug */,
				C63148C82872D54900F7B393 /* Release */,
			);
			defaultConfigurationIsVisible = 0;
			defaultConfigurationName = Release;
		};
		C63148C92872D54900F7B393 /* Build configuration list for PBXNativeTarget "Rarticle" */ = {
			isa = XCConfigurationList;
			buildConfigurations = (
				C63148CA2872D54900F7B393 /* Debug */,
				C63148CB2872D54900F7B393 /* Release */,
			);
			defaultConfigurationIsVisible = 0;
			defaultConfigurationName = Release;
		};
/* End XCConfigurationList section */
	};
	rootObject = C63148AD2872D54700F7B393 /* Project object */;
}
